
Microsoft Visual Studio Solution File, Format Version 12.00
# Visual Studio Version 16
VisualStudioVersion = 16.0.29728.190
MinimumVisualStudioVersion = 10.0.40219.1
Project("{FAE04EC0-301F-11D3-BF4B-00C04F79EFBC}") = "GamePrototype", "GamePrototype.csproj", "{510C755E-5FC3-4854-A0E1-4DB2E6043388}"
EndProject
Global
	GlobalSection(SolutionConfigurationPlatforms) = preSolution
		Debug|Any CPU = Debug|Any CPU
		Release|Any CPU = Release|Any CPU
	EndGlobalSection
	GlobalSection(ProjectConfigurationPlatforms) = postSolution
		{510C755E-5FC3-4854-A0E1-4DB2E6043388}.Debug|Any CPU.ActiveCfg = Debug|Any CPU
		{510C755E-5FC3-4854-A0E1-4DB2E6043388}.Debug|Any CPU.Build.0 = Debug|Any CPU
		{510C755E-5FC3-4854-A0E1-4DB2E6043388}.Release|Any CPU.ActiveCfg = Release|Any CPU
		{510C755E-5FC3-4854-A0E1-4DB2E6043388}.Release|Any CPU.Build.0 = Release|Any CPU
	EndGlobalSection
	GlobalSection(SolutionProperties) = preSolution
		HideSolutionNode = FALSE
	EndGlobalSection
	GlobalSection(ExtensibilityGlobals) = postSolution
		SolutionGuid = {87B6DB31-B1B4-488E-8F55-B788CE48FDCB}
	EndGlobalSection
EndGlobal
